{
  "name": "node-sample",
  "version": "1.0.0",
  "lockfileVersion": 3,
  "requires": true,
  "packages": {
    "": {
      "name": "node-sample",
      "version": "1.0.0",
      "dependencies": {
        "react": "^18.2.0",
        "react-dom": "^18.2.0",
        "axios": "~1.6.8",
        "left-pad": "1.3.0"
      },
      "devDependencies": {
        "typescript": "^5.4.5",
        "@company/tokens": "^1.0.0"
      }
    },
    "node_modules/react": {
      "version": "18.2.0"
    },
    "node_modules/react-dom": {
      "version": "18.2.0"
    },
    "node_modules/axios": {
      "version": "1.6.8"
    },
    "node_modules/left-pad": {
      "version": "1.3.0"
    },
    "node_modules/typescript": {
      "version": "5.4.5"
    },
    "node_modules/@company/tokens": {
      "version": "1.0.0"
    }
  }
}
